
Microsoft Visual Studio Solution File, Format Version 12.00
# Visual Studio Version 17
VisualStudioVersion = 17.11.35327.3
MinimumVisualStudioVersion = 10.0.40219.1
Project("{FAE04EC0-301F-11D3-BF4B-00C04F79EFBC}") = "Swen1.MTCG_Petrovic", "Swen1.MTCG_Petrovic.csproj", "{3603E4DD-E32B-4B83-81B9-838F5C0CBF62}"
EndProject
Project("{FAE04EC0-301F-11D3-BF4B-00C04F79EFBC}") = "MTCG.Tests", "..\MTCG.Tests\MTCG.Tests.csproj", "{545E1536-8033-4804-9F49-C507F1BAD993}"
EndProject
Global
	GlobalSection(SolutionConfigurationPlatforms) = preSolution
		Debug|Any CPU = Debug|Any CPU
		Release|Any CPU = Release|Any CPU
	EndGlobalSection
	GlobalSection(ProjectConfigurationPlatforms) = postSolution
		{3603E4DD-E32B-4B83-81B9-838F5C0CBF62}.Debug|Any CPU.ActiveCfg = Debug|Any CPU
		{3603E4DD-E32B-4B83-81B9-838F5C0CBF62}.Debug|Any CPU.Build.0 = Debug|Any CPU
		{3603E4DD-E32B-4B83-81B9-838F5C0CBF62}.Release|Any CPU.ActiveCfg = Release|Any CPU
		{3603E4DD-E32B-4B83-81B9-838F5C0CBF62}.Release|Any CPU.Build.0 = Release|Any CPU
		{545E1536-8033-4804-9F49-C507F1BAD993}.Debug|Any CPU.ActiveCfg = Debug|Any CPU
		{545E1536-8033-4804-9F49-C507F1BAD993}.Debug|Any CPU.Build.0 = Debug|Any CPU
		{545E1536-8033-4804-9F49-C507F1BAD993}.Release|Any CPU.ActiveCfg = Release|Any CPU
		{545E1536-8033-4804-9F49-C507F1BAD993}.Release|Any CPU.Build.0 = Release|Any CPU
	EndGlobalSection
	GlobalSection(SolutionProperties) = preSolution
		HideSolutionNode = FALSE
	EndGlobalSection
	GlobalSection(ExtensibilityGlobals) = postSolution
		SolutionGuid = {AEA0A5EB-4247-4C01-9252-CD74C297295B}
	EndGlobalSection
EndGlobal
